// !$*UTF8*$!
{
	archiveVersion = 1;
	classes = {
	};
	objectVersion = 46;
	objects = {

/* Begin PBXBuildFile section */
		CA031B921B79102A0062D497 /* AppDelegate.swift in Sources */ = {isa = PBXBuildFile; fileRef = CA031B911B79102A0062D497 /* AppDelegate.swift */; };
		CA031B941B79102A0062D497 /* ViewController.swift in Sources */ = {isa = PBXBuildFile; fileRef = CA031B931B79102A0062D497 /* ViewController.swift */; };
		CA031B971B79102A0062D497 /* Main.storyboard in Resources */ = {isa = PBXBuildFile; fileRef = CA031B951B79102A0062D497 /* Main.storyboard */; };
		CA031B991B79102A0062D497 /* Images.xcassets in Resources */ = {isa = PBXBuildFile; fileRef = CA031B981B79102A0062D497 /* Images.xcassets */; };
		CA031B9C1B79102A0062D497 /* LaunchScreen.xib in Resources */ = {isa = PBXBuildFile; fileRef = CA031B9A1B79102A0062D497 /* LaunchScreen.xib */; };
		CA031BA81B79102A0062D497 /* BeginCLLocationSwiftTests.swift in Sources */ = {isa = PBXBuildFile; fileRef = CA031BA71B79102A0062D497 /* BeginCLLocationSwiftTests.swift */; };
/* End PBXBuildFile section */

/* Begin PBXContainerItemProxy section */
		CA031BA21B79102A0062D497 /* PBXContainerItemProxy */ = {
			isa = PBXContainerItemProxy;
			containerPortal = CA031B841B79102A0062D497 /* Project object */;
			proxyType = 1;
			remoteGlobalIDString = CA031B8B1B79102A0062D497;
			remoteInfo = BeginCLLocationSwift;
		};
/* End PBXContainerItemProxy section */

/* Begin PBXFileReference section */
		CA031B8C1B79102A0062D497 /* BeginCLLocationSwift.app */ = {isa = PBXFileReference; explicitFileType = wrapper.application; includeInIndex = 0; path = BeginCLLocationSwift.app; sourceTree = BUILT_PRODUCTS_DIR; };
		CA031B901B79102A0062D497 /* Info.plist */ = {isa = PBXFileReference; lastKnownFileType = text.plist.xml; path = Info.plist; sourceTree = "<group>"; };
		CA031B911B79102A0062D497 /* AppDelegate.swift */ = {isa = PBXFileReference; lastKnownFileType = sourcecode.swift; path = AppDelegate.swift; sourceTree = "<group>"; };
		CA031B931B79102A0062D497 /* ViewController.swift */ = {isa = PBXFileReference; lastKnownFileType = sourcecode.swift; path = ViewController.swift; sourceTree = "<group>"; };
		CA031B961B79102A0062D497 /* Base */ = {isa = PBXFileReference; lastKnownFileType = file.storyboard; name = Base; path = Base.lproj/Main.storyboard; sourceTree = "<group>"; };
		CA031B981B79102A0062D497 /* Images.xcassets */ = {isa = PBXFileReference; lastKnownFileType = folder.assetcatalog; path = Images.xcassets; sourceTree = "<group>"; };
		CA031B9B1B79102A0062D497 /* Base */ = {isa = PBXFileReference; lastKnownFileType = file.xib; name = Base; path = Base.lproj/LaunchScreen.xib; sourceTree = "<group>"; };
		CA031BA11B79102A0062D497 /* BeginCLLocationSwiftTests.xctest */ = {isa = PBXFileReference; explicitFileType = wrapper.cfbundle; includeInIndex = 0; path = BeginCLLocationSwiftTests.xctest; sourceTree = BUILT_PRODUCTS_DIR; };
		CA031BA61B79102A0062D497 /* Info.plist */ = {isa = PBXFileReference; lastKnownFileType = text.plist.xml; path = Info.plist; sourceTree = "<group>"; };
		CA031BA71B79102A0062D497 /* BeginCLLocationSwiftTests.swift */ = {isa = PBXFileReference; lastKnownFileType = sourcecode.swift; path = BeginCLLocationSwiftTests.swift; sourceTree = "<group>"; };
/* End PBXFileReference section */

/* Begin PBXFrameworksBuildPhase section */
		CA031B891B79102A0062D497 /* Frameworks */ = {
			isa = PBXFrameworksBuildPhase;
			buildActionMask = 2147483647;
			files = (
			);
			runOnlyForDeploymentPostprocessing = 0;
		};
		CA031B9E1B79102A0062D497 /* Frameworks */ = {
			isa = PBXFrameworksBuildPhase;
			buildActionMask = 2147483647;
			files = (
			);
			runOnlyForDeploymentPostprocessing = 0;
		};
/* End PBXFrameworksBuildPhase section */

/* Begin PBXGroup section */
		CA031B831B79102A0062D497 = {
			isa = PBXGroup;
			children = (
				CA031B8E1B79102A0062D497 /* BeginCLLocationSwift */,
				CA031BA41B79102A0062D497 /* BeginCLLocationSwiftTests */,
				CA031B8D1B79102A0062D497 /* Products */,
			);
			sourceTree = "<group>";
		};
		CA031B8D1B79102A0062D497 /* Products */ = {
			isa = PBXGroup;
			children = (
				CA031B8C1B79102A0062D497 /* BeginCLLocationSwift.app */,
				CA031BA11B79102A0062D497 /* BeginCLLocationSwiftTests.xctest */,
			);
			name = Products;
			sourceTree = "<group>";
		};
		CA031B8E1B79102A0062D497 /* BeginCLLocationSwift */ = {
			isa = PBXGroup;
			children = (
				CA031B911B79102A0062D497 /* AppDelegate.swift */,
				CA031B931B79102A0062D497 /* ViewController.swift */,
				CA031B951B79102A0062D497 /* Main.storyboard */,
				CA031B981B79102A0062D497 /* Images.xcassets */,
				CA031B9A1B79102A0062D497 /* LaunchScreen.xib */,
				CA031B8F1B79102A0062D497 /* Supporting Files */,
			);
			path = BeginCLLocationSwift;
			sourceTree = "<group>";
		};
		CA031B8F1B79102A0062D497 /* Supporting Files */ = {
			isa = PBXGroup;
			children = (
				CA031B901B79102A0062D497 /* Info.plist */,
			);
			name = "Supporting Files";
			sourceTree = "<group>";
		};
		CA031BA41B79102A0062D497 /* BeginCLLocationSwiftTests */ = {
			isa = PBXGroup;
			children = (
				CA031BA71B79102A0062D497 /* BeginCLLocationSwiftTests.swift */,
				CA031BA51B79102A0062D497 /* Supporting Files */,
			);
			path = BeginCLLocationSwiftTests;
			sourceTree = "<group>";
		};
		CA031BA51B79102A0062D497 /* Supporting Files */ = {
			isa = PBXGroup;
			children = (
				CA031BA61B79102A0062D497 /* Info.plist */,
			);
			name = "Supporting Files";
			sourceTree = "<group>";
		};
/* End PBXGroup section */

/* Begin PBXNativeTarget section */
		CA031B8B1B79102A0062D497 /* BeginCLLocationSwift */ = {
			isa = PBXNativeTarget;
			buildConfigurationList = CA031BAB1B79102A0062D497 /* Build configuration list for PBXNativeTarget "BeginCLLocationSwift" */;
			buildPhases = (
				CA031B881B79102A0062D497 /* Sources */,
				CA031B891B79102A0062D497 /* Frameworks */,
				CA031B8A1B79102A0062D497 /* Resources */,
			);
			buildRules = (
			);
			dependencies = (
			);
			name = BeginCLLocationSwift;
			productName = BeginCLLocationSwift;
			productReference = CA031B8C1B79102A0062D497 /* BeginCLLocationSwift.app */;
			productType = "com.apple.product-type.application";
		};
		CA031BA01B79102A0062D497 /* BeginCLLocationSwiftTests */ = {
			isa = PBXNativeTarget;
			buildConfigurationList = CA031BAE1B79102A0062D497 /* Build configuration list for PBXNativeTarget "BeginCLLocationSwiftTests" */;
			buildPhases = (
				CA031B9D1B79102A0062D497 /* Sources */,
				CA031B9E1B79102A0062D497 /* Frameworks */,
				CA031B9F1B79102A0062D497 /* Resources */,
			);
			buildRules = (
			);
			dependencies = (
				CA031BA31B79102A0062D497 /* PBXTargetDependency */,
			);
			name = BeginCLLocationSwiftTests;
			productName = BeginCLLocationSwiftTests;
			productReference = CA031BA11B79102A0062D497 /* BeginCLLocationSwiftTests.xctest */;
			productType = "com.apple.product-type.bundle.unit-test";
		};
/* End PBXNativeTarget section */

/* Begin PBXProject section */
		CA031B841B79102A0062D497 /* Project object */ = {
			isa = PBXProject;
			attributes = {
				LastUpgradeCheck = 0640;
				ORGANIZATIONNAME = wamaker;
				TargetAttributes = {
					CA031B8B1B79102A0062D497 = {
						CreatedOnToolsVersion = 6.4;
					};
					CA031BA01B79102A0062D497 = {
						CreatedOnToolsVersion = 6.4;
						TestTargetID = CA031B8B1B79102A0062D497;
					};
				};
			};
			buildConfigurationList = CA031B871B79102A0062D497 /* Build configuration list for PBXProject "BeginCLLocationSwift" */;
			compatibilityVersion = "Xcode 3.2";
			developmentRegion = English;
			hasScannedForEncodings = 0;
			knownRegions = (
				en,
				Base,
			);
			mainGroup = CA031B831B79102A0062D497;
			productRefGroup = CA031B8D1B79102A0062D497 /* Products */;
			projectDirPath = "";
			projectRoot = "";
			targets = (
				CA031B8B1B79102A0062D497 /* BeginCLLocationSwift */,
				CA031BA01B79102A0062D497 /* BeginCLLocationSwiftTests */,
			);
		};
/* End PBXProject section */

/* Begin PBXResourcesBuildPhase section */
		CA031B8A1B79102A0062D497 /* Resources */ = {
			isa = PBXResourcesBuildPhase;
			buildActionMask = 2147483647;
			files = (
				CA031B971B79102A0062D497 /* Main.storyboard in Resources */,
				CA031B9C1B79102A0062D497 /* LaunchScreen.xib in Resources */,
				CA031B991B79102A0062D497 /* Images.xcassets in Resources */,
			);
			runOnlyForDeploymentPostprocessing = 0;
		};
		CA031B9F1B79102A0062D497 /* Resources */ = {
			isa = PBXResourcesBuildPhase;
			buildActionMask = 2147483647;
			files = (
			);
			runOnlyForDeploymentPostprocessing = 0;
		};
/* End PBXResourcesBuildPhase section */

/* Begin PBXSourcesBuildPhase section */
		CA031B881B79102A0062D497 /* Sources */ = {
			isa = PBXSourcesBuildPhase;
			buildActionMask = 2147483647;
			files = (
				CA031B941B79102A0062D497 /* ViewController.swift in Sources */,
				CA031B921B79102A0062D497 /* AppDelegate.swift in Sources */,
			);
			runOnlyForDeploymentPostprocessing = 0;
		};
		CA031B9D1B79102A0062D497 /* Sources */ = {
			isa = PBXSourcesBuildPhase;
			buildActionMask = 2147483647;
			files = (
				CA031BA81B79102A0062D497 /* BeginCLLocationSwiftTests.swift in Sources */,
			);
			runOnlyForDeploymentPostprocessing = 0;
		};
/* End PBXSourcesBuildPhase section */

/* Begin PBXTargetDependency section */
		CA031BA31B79102A0062D497 /* PBXTargetDependency */ = {
			isa = PBXTargetDependency;
			target = CA031B8B1B79102A0062D497 /* BeginCLLocationSwift */;
			targetProxy = CA031BA21B79102A0062D497 /* PBXContainerItemProxy */;
		};
/* End PBXTargetDependency section */

/* Begin PBXVariantGroup section */
		CA031B951B79102A0062D497 /* Main.storyboard */ = {
			isa = PBXVariantGroup;
			children = (
				CA031B961B79102A0062D497 /* Base */,
			);
			name = Main.storyboard;
			sourceTree = "<group>";
		};
		CA031B9A1B79102A0062D497 /* LaunchScreen.xib */ = {
			isa = PBXVariantGroup;
			children = (
				CA031B9B1B79102A0062D497 /* Base */,
			);
			name = LaunchScreen.xib;
			sourceTree = "<group>";
		};
/* End PBXVariantGroup section */

/* Begin XCBuildConfiguration section */
		CA031BA91B79102A0062D497 /* Debug */ = {
			isa = XCBuildConfiguration;
			buildSettings = {
				ALWAYS_SEARCH_USER_PATHS = NO;
				CLANG_CXX_LANGUAGE_STANDARD = "gnu++0x";
				CLANG_CXX_LIBRARY = "libc++";
				CLANG_ENABLE_MODULES = YES;
				CLANG_ENABLE_OBJC_ARC = YES;
				CLANG_WARN_BOOL_CONVERSION = YES;
				CLANG_WARN_CONSTANT_CONVERSION = YES;
				CLANG_WARN_DIRECT_OBJC_ISA_USAGE = YES_ERROR;
				CLANG_WARN_EMPTY_BODY = YES;
				CLANG_WARN_ENUM_CONVERSION = YES;
				CLANG_WARN_INT_CONVERSION = YES;
				CLANG_WARN_OBJC_ROOT_CLASS = YES_ERROR;
				CLANG_WARN_UNREACHABLE_CODE = YES;
				CLANG_WARN__DUPLICATE_METHOD_MATCH = YES;
				"CODE_SIGN_IDENTITY[sdk=iphoneos*]" = "iPhone Developer";
				COPY_PHASE_STRIP = NO;
				DEBUG_INFORMATION_FORMAT = "dwarf-with-dsym";
				ENABLE_STRICT_OBJC_MSGSEND = YES;
				GCC_C_LANGUAGE_STANDARD = gnu99;
				GCC_DYNAMIC_NO_PIC = NO;
				GCC_NO_COMMON_BLOCKS = YES;
				GCC_OPTIMIZATION_LEVEL = 0;
				GCC_PREPROCESSOR_DEFINITIONS = (
					"DEBUG=1",
					"$(inherited)",
				);
				GCC_SYMBOLS_PRIVATE_EXTERN = NO;
				GCC_WARN_64_TO_32_BIT_CONVERSION = YES;
				GCC_WARN_ABOUT_RETURN_TYPE = YES_ERROR;
				GCC_WARN_UNDECLARED_SELECTOR = YES;
				GCC_WARN_UNINITIALIZED_AUTOS = YES_AGGRESSIVE;
				GCC_WARN_UNUSED_FUNCTION = YES;
				GCC_WARN_UNUSED_VARIABLE = YES;
				IPHONEOS_DEPLOYMENT_TARGET = 8.4;
				MTL_ENABLE_DEBUG_INFO = YES;
				ONLY_ACTIVE_ARCH = YES;
				SDKROOT = iphoneos;
				SWIFT_OPTIMIZATION_LEVEL = "-Onone";
			};
			name = Debug;
		};
		CA031BAA1B79102A0062D497 /* Release */ = {
			isa = XCBuildConfiguration;
			buildSettings = {
				ALWAYS_SEARCH_USER_PATHS = NO;
				CLANG_CXX_LANGUAGE_STANDARD = "gnu++0x";
				CLANG_CXX_LIBRARY = "libc++";
				CLANG_ENABLE_MODULES = YES;
				CLANG_ENABLE_OBJC_ARC = YES;
				CLANG_WARN_BOOL_CONVERSION = YES;
				CLANG_WARN_CONSTANT_CONVERSION = YES;
				CLANG_WARN_DIRECT_OBJC_ISA_USAGE = YES_ERROR;
				CLANG_WARN_EMPTY_BODY = YES;
				CLANG_WARN_ENUM_CONVERSION = YES;
				CLANG_WARN_INT_CONVERSION = YES;
				CLANG_WARN_OBJC_ROOT_CLASS = YES_ERROR;
				CLANG_WARN_UNREACHABLE_CODE = YES;
				CLANG_WARN__DUPLICATE_METHOD_MATCH = YES;
				"CODE_SIGN_IDENTITY[sdk=iphoneos*]" = "iPhone Developer";
				COPY_PHASE_STRIP = NO;
				DEBUG_INFORMATION_FORMAT = "dwarf-with-dsym";
				ENABLE_NS_ASSERTIONS = NO;
				ENABLE_STRICT_OBJC_MSGSEND = YES;
				GCC_C_LANGUAGE_STANDARD = gnu99;
				GCC_NO_COMMON_BLOCKS = YES;
				GCC_WARN_64_TO_32_BIT_CONVERSION = YES;
				GCC_WARN_ABOUT_RETURN_TYPE = YES_ERROR;
				GCC_WARN_UNDECLARED_SELECTOR = YES;
				GCC_WARN_UNINITIALIZED_AUTOS = YES_AGGRESSIVE;
				GCC_WARN_UNUSED_FUNCTION = YES;
				GCC_WARN_UNUSED_VARIABLE = YES;
				IPHONEOS_DEPLOYMENT_TARGET = 8.4;
				MTL_ENABLE_DEBUG_INFO = NO;
				SDKROOT = iphoneos;
				VALIDATE_PRODUCT = YES;
			};
			name = Release;
		};
		CA031BAC1B79102A0062D497 /* Debug */ = {
			isa = XCBuildConfiguration;
			buildSettings = {
				ASSETCATALOG_COMPILER_APPICON_NAME = AppIcon;
				INFOPLIST_FILE = BeginCLLocationSwift/Info.plist;
				LD_RUNPATH_SEARCH_PATHS = "$(inherited) @executable_path/Frameworks";
				PRODUCT_NAME = "$(TARGET_NAME)";
			};
			name = Debug;
		};
		CA031BAD1B79102A0062D497 /* Release */ = {
			isa = XCBuildConfiguration;
			buildSettings = {
				ASSETCATALOG_COMPILER_APPICON_NAME = AppIcon;
				INFOPLIST_FILE = BeginCLLocationSwift/Info.plist;
				LD_RUNPATH_SEARCH_PATHS = "$(inherited) @executable_path/Frameworks";
				PRODUCT_NAME = "$(TARGET_NAME)";
			};
			name = Release;
		};
		CA031BAF1B79102A0062D497 /* Debug */ = {
			isa = XCBuildConfiguration;
			buildSettings = {
				BUNDLE_LOADER = "$(TEST_HOST)";
				FRAMEWORK_SEARCH_PATHS = (
					"$(SDKROOT)/Developer/Library/Frameworks",
					"$(inherited)",
				);
				GCC_PREPROCESSOR_DEFINITIONS = (
					"DEBUG=1",
					"$(inherited)",
				);
				INFOPLIST_FILE = BeginCLLocationSwiftTests/Info.plist;
				LD_RUNPATH_SEARCH_PATHS = "$(inherited) @executable_path/Frameworks @loader_path/Frameworks";
				PRODUCT_NAME = "$(TARGET_NAME)";
				TEST_HOST = "$(BUILT_PRODUCTS_DIR)/BeginCLLocationSwift.app/BeginCLLocationSwift";
			};
			name = Debug;
		};
		CA031BB01B79102A0062D497 /* Release */ = {
			isa = XCBuildConfiguration;
			buildSettings = {
				BUNDLE_LOADER = "$(TEST_HOST)";
				FRAMEWORK_SEARCH_PATHS = (
					"$(SDKROOT)/Developer/Library/Frameworks",
					"$(inherited)",
				);
				INFOPLIST_FILE = BeginCLLocationSwiftTests/Info.plist;
				LD_RUNPATH_SEARCH_PATHS = "$(inherited) @executable_path/Frameworks @loader_path/Frameworks";
				PRODUCT_NAME = "$(TARGET_NAME)";
				TEST_HOST = "$(BUILT_PRODUCTS_DIR)/BeginCLLocationSwift.app/BeginCLLocationSwift";
			};
			name = Release;
		};
/* End XCBuildConfiguration section */

/* Begin XCConfigurationList section */
		CA031B871B79102A0062D497 /* Build configuration list for PBXProject "BeginCLLocationSwift" */ = {
			isa = XCConfigurationList;
			buildConfigurations = (
				CA031BA91B79102A0062D497 /* Debug */,
				CA031BAA1B79102A0062D497 /* Release */,
			);
			defaultConfigurationIsVisible = 0;
			defaultConfigurationName = Release;
		};
		CA031BAB1B79102A0062D497 /* Build configuration list for PBXNativeTarget "BeginCLLocationSwift" */ = {
			isa = XCConfigurationList;
			buildConfigurations = (
				CA031BAC1B79102A0062D497 /* Debug */,
				CA031BAD1B79102A0062D497 /* Release */,
			);
			defaultConfigurationIsVisible = 0;
		};
		CA031BAE1B79102A0062D497 /* Build configuration list for PBXNativeTarget "BeginCLLocationSwiftTests" */ = {
			isa = XCConfigurationList;
			buildConfigurations = (
				CA031BAF1B79102A0062D497 /* Debug */,
				CA031BB01B79102A0062D497 /* Release */,
			);
			defaultConfigurationIsVisible = 0;
		};
/* End XCConfigurationList section */
	};
	rootObject = CA031B841B79102A0062D497 /* Project object */;
}
